
Microsoft Visual Studio Solution File, Format Version 11.00
# Visual C# Express 2010
Project("{FAE04EC0-301F-11D3-BF4B-00C04F79EFBC}") = "PreludeEngineTester", "PreludeEngineTester\PreludeEngineTester.csproj", "{42FD92AA-AE9E-4200-809C-40F019104DF0}"
EndProject
Project("{FAE04EC0-301F-11D3-BF4B-00C04F79EFBC}") = "PreludeEngine", "..\preludeEngine\PreludeEngine.csproj", "{CEB59FFB-C18F-4908-A590-0BB8B084FAD6}"
EndProject
Global
	GlobalSection(SolutionConfigurationPlatforms) = preSolution
		Debug|Any CPU = Debug|Any CPU
		Release|Any CPU = Release|Any CPU
	EndGlobalSection
	GlobalSection(ProjectConfigurationPlatforms) = postSolution
		{42FD92AA-AE9E-4200-809C-40F019104DF0}.Debug|Any CPU.ActiveCfg = Debug|x86
		{42FD92AA-AE9E-4200-809C-40F019104DF0}.Debug|Any CPU.Build.0 = Debug|x86
		{42FD92AA-AE9E-4200-809C-40F019104DF0}.Release|Any CPU.ActiveCfg = Release|Any CPU
		{42FD92AA-AE9E-4200-809C-40F019104DF0}.Release|Any CPU.Build.0 = Release|Any CPU
		{CEB59FFB-C18F-4908-A590-0BB8B084FAD6}.Debug|Any CPU.ActiveCfg = Debug|x86
		{CEB59FFB-C18F-4908-A590-0BB8B084FAD6}.Debug|Any CPU.Build.0 = Debug|x86
		{CEB59FFB-C18F-4908-A590-0BB8B084FAD6}.Release|Any CPU.ActiveCfg = Release|Any CPU
		{CEB59FFB-C18F-4908-A590-0BB8B084FAD6}.Release|Any CPU.Build.0 = Release|Any CPU
	EndGlobalSection
	GlobalSection(SolutionProperties) = preSolution
		HideSolutionNode = FALSE
	EndGlobalSection
EndGlobal
